
Microsoft Visual Studio Solution File, Format Version 12.00
# Visual Studio Version 17
VisualStudioVersion = 17.3.32825.248
MinimumVisualStudioVersion = 10.0.40219.1
Project("{FAE04EC0-301F-11D3-BF4B-00C04F79EFBC}") = "Kap2.uppgift2.1", "Kap2.uppgift2.1\Kap2.uppgift2.1.csproj", "{61BA0FE2-E84B-4FD5-83B6-1A70C2DDEB4B}"
EndProject
Global
	GlobalSection(SolutionConfigurationPlatforms) = preSolution
		Debug|Any CPU = Debug|Any CPU
		Release|Any CPU = Release|Any CPU
	EndGlobalSection
	GlobalSection(ProjectConfigurationPlatforms) = postSolution
		{61BA0FE2-E84B-4FD5-83B6-1A70C2DDEB4B}.Debug|Any CPU.ActiveCfg = Debug|Any CPU
		{61BA0FE2-E84B-4FD5-83B6-1A70C2DDEB4B}.Debug|Any CPU.Build.0 = Debug|Any CPU
		{61BA0FE2-E84B-4FD5-83B6-1A70C2DDEB4B}.Release|Any CPU.ActiveCfg = Release|Any CPU
		{61BA0FE2-E84B-4FD5-83B6-1A70C2DDEB4B}.Release|Any CPU.Build.0 = Release|Any CPU
	EndGlobalSection
	GlobalSection(SolutionProperties) = preSolution
		HideSolutionNode = FALSE
	EndGlobalSection
	GlobalSection(ExtensibilityGlobals) = postSolution
		SolutionGuid = {36981C85-3B46-4943-9C32-80C8F6F76EA8}
	EndGlobalSection
EndGlobal
